
Microsoft Visual Studio Solution File, Format Version 12.00
# Visual Studio Version 17
VisualStudioVersion = 17.8.34511.84
MinimumVisualStudioVersion = 10.0.40219.1
Project("{9A19103F-16F7-4668-BE54-9A1E7A4F7556}") = "gspro-r10", "gspro-r10.csproj", "{349CEB43-908A-4571-96D0-8EB1474014A0}"
EndProject
Global
	GlobalSection(SolutionConfigurationPlatforms) = preSolution
		Debug|Any CPU = Debug|Any CPU
		Release|Any CPU = Release|Any CPU
	EndGlobalSection
	GlobalSection(ProjectConfigurationPlatforms) = postSolution
		{349CEB43-908A-4571-96D0-8EB1474014A0}.Debug|Any CPU.ActiveCfg = Debug|Any CPU
		{349CEB43-908A-4571-96D0-8EB1474014A0}.Debug|Any CPU.Build.0 = Debug|Any CPU
		{349CEB43-908A-4571-96D0-8EB1474014A0}.Release|Any CPU.ActiveCfg = Release|Any CPU
		{349CEB43-908A-4571-96D0-8EB1474014A0}.Release|Any CPU.Build.0 = Release|Any CPU
	EndGlobalSection
	GlobalSection(SolutionProperties) = preSolution
		HideSolutionNode = FALSE
	EndGlobalSection
	GlobalSection(ExtensibilityGlobals) = postSolution
		SolutionGuid = {EB268D2A-2B36-4505-AE70-45B39516A8CC}
	EndGlobalSection
EndGlobal
